
Microsoft Visual Studio Solution File, Format Version 12.00
# Visual Studio Version 17
VisualStudioVersion = 17.0.31903.59
MinimumVisualStudioVersion = 10.0.40219.1
Project("{2150E333-8FDC-42A3-9474-1A3956D46DE8}") = "src", "src", "{ACF1F421-5323-4C79-9D1C-B1D8C380C3BE}"
EndProject
Project("{FAE04EC0-301F-11D3-BF4B-00C04F79EFBC}") = "LoanManager.Domain", "src\LoanManager.Domain\LoanManager.Domain.csproj", "{DE9F9910-9F13-499C-A08C-F0D920529C48}"
EndProject
Project("{FAE04EC0-301F-11D3-BF4B-00C04F79EFBC}") = "LoanManager.Application", "src\LoanManager.Application\LoanManager.Application.csproj", "{C5D0CFC7-1B53-4B79-B33B-D3FA9C88F170}"
EndProject
Project("{FAE04EC0-301F-11D3-BF4B-00C04F79EFBC}") = "LoanManager.Infrastructure", "src\LoanManager.Infrastructure\LoanManager.Infrastructure.csproj", "{C278359F-F40D-4FAB-9BD5-7F755B505527}"
EndProject
Project("{FAE04EC0-301F-11D3-BF4B-00C04F79EFBC}") = "LoanManager.Api", "src\LoanManager.Api\LoanManager.Api.csproj", "{7806C8DA-3AF4-4ECB-B21F-2BD051FC4C9D}"
EndProject
Global
	GlobalSection(SolutionConfigurationPlatforms) = preSolution
		Debug|Any CPU = Debug|Any CPU
		Debug|x64 = Debug|x64
		Debug|x86 = Debug|x86
		Release|Any CPU = Release|Any CPU
		Release|x64 = Release|x64
		Release|x86 = Release|x86
	EndGlobalSection
	GlobalSection(ProjectConfigurationPlatforms) = postSolution
		{DE9F9910-9F13-499C-A08C-F0D920529C48}.Debug|Any CPU.ActiveCfg = Debug|Any CPU
		{DE9F9910-9F13-499C-A08C-F0D920529C48}.Debug|Any CPU.Build.0 = Debug|Any CPU
		{DE9F9910-9F13-499C-A08C-F0D920529C48}.Debug|x64.ActiveCfg = Debug|Any CPU
		{DE9F9910-9F13-499C-A08C-F0D920529C48}.Debug|x64.Build.0 = Debug|Any CPU
		{DE9F9910-9F13-499C-A08C-F0D920529C48}.Debug|x86.ActiveCfg = Debug|Any CPU
		{DE9F9910-9F13-499C-A08C-F0D920529C48}.Debug|x86.Build.0 = Debug|Any CPU
		{DE9F9910-9F13-499C-A08C-F0D920529C48}.Release|Any CPU.ActiveCfg = Release|Any CPU
		{DE9F9910-9F13-499C-A08C-F0D920529C48}.Release|Any CPU.Build.0 = Release|Any CPU
		{DE9F9910-9F13-499C-A08C-F0D920529C48}.Release|x64.ActiveCfg = Release|Any CPU
		{DE9F9910-9F13-499C-A08C-F0D920529C48}.Release|x64.Build.0 = Release|Any CPU
		{DE9F9910-9F13-499C-A08C-F0D920529C48}.Release|x86.ActiveCfg = Release|Any CPU
		{DE9F9910-9F13-499C-A08C-F0D920529C48}.Release|x86.Build.0 = Release|Any CPU
		{C5D0CFC7-1B53-4B79-B33B-D3FA9C88F170}.Debug|Any CPU.ActiveCfg = Debug|Any CPU
		{C5D0CFC7-1B53-4B79-B33B-D3FA9C88F170}.Debug|Any CPU.Build.0 = Debug|Any CPU
		{C5D0CFC7-1B53-4B79-B33B-D3FA9C88F170}.Debug|x64.ActiveCfg = Debug|Any CPU
		{C5D0CFC7-1B53-4B79-B33B-D3FA9C88F170}.Debug|x64.Build.0 = Debug|Any CPU
		{C5D0CFC7-1B53-4B79-B33B-D3FA9C88F170}.Debug|x86.ActiveCfg = Debug|Any CPU
		{C5D0CFC7-1B53-4B79-B33B-D3FA9C88F170}.Debug|x86.Build.0 = Debug|Any CPU
		{C5D0CFC7-1B53-4B79-B33B-D3FA9C88F170}.Release|Any CPU.ActiveCfg = Release|Any CPU
		{C5D0CFC7-1B53-4B79-B33B-D3FA9C88F170}.Release|Any CPU.Build.0 = Release|Any CPU
		{C5D0CFC7-1B53-4B79-B33B-D3FA9C88F170}.Release|x64.ActiveCfg = Release|Any CPU
		{C5D0CFC7-1B53-4B79-B33B-D3FA9C88F170}.Release|x64.Build.0 = Release|Any CPU
		{C5D0CFC7-1B53-4B79-B33B-D3FA9C88F170}.Release|x86.ActiveCfg = Release|Any CPU
		{C5D0CFC7-1B53-4B79-B33B-D3FA9C88F170}.Release|x86.Build.0 = Release|Any CPU
		{C278359F-F40D-4FAB-9BD5-7F755B505527}.Debug|Any CPU.ActiveCfg = Debug|Any CPU
		{C278359F-F40D-4FAB-9BD5-7F755B505527}.Debug|Any CPU.Build.0 = Debug|Any CPU
		{C278359F-F40D-4FAB-9BD5-7F755B505527}.Debug|x64.ActiveCfg = Debug|Any CPU
		{C278359F-F40D-4FAB-9BD5-7F755B505527}.Debug|x64.Build.0 = Debug|Any CPU
		{C278359F-F40D-4FAB-9BD5-7F755B505527}.Debug|x86.ActiveCfg = Debug|Any CPU
		{C278359F-F40D-4FAB-9BD5-7F755B505527}.Debug|x86.Build.0 = Debug|Any CPU
		{C278359F-F40D-4FAB-9BD5-7F755B505527}.Release|Any CPU.ActiveCfg = Release|Any CPU
		{C278359F-F40D-4FAB-9BD5-7F755B505527}.Release|Any CPU.Build.0 = Release|Any CPU
		{C278359F-F40D-4FAB-9BD5-7F755B505527}.Release|x64.ActiveCfg = Release|Any CPU
		{C278359F-F40D-4FAB-9BD5-7F755B505527}.Release|x64.Build.0 = Release|Any CPU
		{C278359F-F40D-4FAB-9BD5-7F755B505527}.Release|x86.ActiveCfg = Release|Any CPU
		{C278359F-F40D-4FAB-9BD5-7F755B505527}.Release|x86.Build.0 = Release|Any CPU
		{7806C8DA-3AF4-4ECB-B21F-2BD051FC4C9D}.Debug|Any CPU.ActiveCfg = Debug|Any CPU
		{7806C8DA-3AF4-4ECB-B21F-2BD051FC4C9D}.Debug|Any CPU.Build.0 = Debug|Any CPU
		{7806C8DA-3AF4-4ECB-B21F-2BD051FC4C9D}.Debug|x64.ActiveCfg = Debug|Any CPU
		{7806C8DA-3AF4-4ECB-B21F-2BD051FC4C9D}.Debug|x64.Build.0 = Debug|Any CPU
		{7806C8DA-3AF4-4ECB-B21F-2BD051FC4C9D}.Debug|x86.ActiveCfg = Debug|Any CPU
		{7806C8DA-3AF4-4ECB-B21F-2BD051FC4C9D}.Debug|x86.Build.0 = Debug|Any CPU
		{7806C8DA-3AF4-4ECB-B21F-2BD051FC4C9D}.Release|Any CPU.ActiveCfg = Release|Any CPU
		{7806C8DA-3AF4-4ECB-B21F-2BD051FC4C9D}.Release|Any CPU.Build.0 = Release|Any CPU
		{7806C8DA-3AF4-4ECB-B21F-2BD051FC4C9D}.Release|x64.ActiveCfg = Release|Any CPU
		{7806C8DA-3AF4-4ECB-B21F-2BD051FC4C9D}.Release|x64.Build.0 = Release|Any CPU
		{7806C8DA-3AF4-4ECB-B21F-2BD051FC4C9D}.Release|x86.ActiveCfg = Release|Any CPU
		{7806C8DA-3AF4-4ECB-B21F-2BD051FC4C9D}.Release|x86.Build.0 = Release|Any CPU
	EndGlobalSection
	GlobalSection(SolutionProperties) = preSolution
		HideSolutionNode = FALSE
	EndGlobalSection
	GlobalSection(NestedProjects) = preSolution
		{DE9F9910-9F13-499C-A08C-F0D920529C48} = {ACF1F421-5323-4C79-9D1C-B1D8C380C3BE}
		{C5D0CFC7-1B53-4B79-B33B-D3FA9C88F170} = {ACF1F421-5323-4C79-9D1C-B1D8C380C3BE}
		{C278359F-F40D-4FAB-9BD5-7F755B505527} = {ACF1F421-5323-4C79-9D1C-B1D8C380C3BE}
		{7806C8DA-3AF4-4ECB-B21F-2BD051FC4C9D} = {ACF1F421-5323-4C79-9D1C-B1D8C380C3BE}
	EndGlobalSection
EndGlobal
